// !$*UTF8*$!
{
	archiveVersion = 1;
	classes = {
	};
	objectVersion = 56;
	objects = {

/* Begin PBXBuildFile section */
		2C143FCB2B4D885F00E823F6 /* NumberFormatterService.swift in Sources */ = {isa = PBXBuildFile; fileRef = 2C143FCA2B4D885F00E823F6 /* NumberFormatterService.swift */; };
		2C143FDF2B4D92CB00E823F6 /* bitcoinPrices.json in Resources */ = {isa = PBXBuildFile; fileRef = 2C143FDE2B4D92CB00E823F6 /* bitcoinPrices.json */; };
		2C143FE12B4D9B1300E823F6 /* currencies.json in Resources */ = {isa = PBXBuildFile; fileRef = 2C143FE02B4D9B1300E823F6 /* currencies.json */; };
		2C143FE52B4D9BA900E823F6 /* CurrenciesTests.swift in Sources */ = {isa = PBXBuildFile; fileRef = 2C143FE42B4D9BA900E823F6 /* CurrenciesTests.swift */; };
		2C143FE82B4D9BEC00E823F6 /* XCTestCase.swift in Sources */ = {isa = PBXBuildFile; fileRef = 2C143FE72B4D9BEC00E823F6 /* XCTestCase.swift */; };
		2C3491B42B48476B00E4C402 /* ChangeRatesTableViewCell.swift in Sources */ = {isa = PBXBuildFile; fileRef = 2C3491B32B48476B00E4C402 /* ChangeRatesTableViewCell.swift */; };
		2C3491B62B48655400E4C402 /* ChangeRatesViewModel.swift in Sources */ = {isa = PBXBuildFile; fileRef = 2C3491B52B48655400E4C402 /* ChangeRatesViewModel.swift */; };
		2C3491B82B486A7300E4C402 /* ChangeRatesModel.swift in Sources */ = {isa = PBXBuildFile; fileRef = 2C3491B72B486A7300E4C402 /* ChangeRatesModel.swift */; };
		2C3491BA2B486B2A00E4C402 /* available_currencies.json in Resources */ = {isa = PBXBuildFile; fileRef = 2C3491B92B486B2A00E4C402 /* available_currencies.json */; };
		2C8CF2872B483F7E0084F940 /* AppDelegate.swift in Sources */ = {isa = PBXBuildFile; fileRef = 2C8CF2862B483F7E0084F940 /* AppDelegate.swift */; };
		2C8CF2892B483F7E0084F940 /* SceneDelegate.swift in Sources */ = {isa = PBXBuildFile; fileRef = 2C8CF2882B483F7E0084F940 /* SceneDelegate.swift */; };
		2C8CF28E2B483F7E0084F940 /* Main.storyboard in Resources */ = {isa = PBXBuildFile; fileRef = 2C8CF28C2B483F7E0084F940 /* Main.storyboard */; };
		2C8CF2902B483F7F0084F940 /* Assets.xcassets in Resources */ = {isa = PBXBuildFile; fileRef = 2C8CF28F2B483F7F0084F940 /* Assets.xcassets */; };
		2C8CF2932B483F7F0084F940 /* LaunchScreen.storyboard in Resources */ = {isa = PBXBuildFile; fileRef = 2C8CF2912B483F7F0084F940 /* LaunchScreen.storyboard */; };
		2C8CF29B2B4843AA0084F940 /* ChangeRatesViewController.swift in Sources */ = {isa = PBXBuildFile; fileRef = 2C8CF29A2B4843AA0084F940 /* ChangeRatesViewController.swift */; };
		2CA959DB2B559368007D40D8 /* DebugLogService.swift in Sources */ = {isa = PBXBuildFile; fileRef = 2CA959DA2B559368007D40D8 /* DebugLogService.swift */; };
		2CC4F3582B4DC7840011AF00 /* BitcoinPricesModelTests.swift in Sources */ = {isa = PBXBuildFile; fileRef = 2CC4F3572B4DC7840011AF00 /* BitcoinPricesModelTests.swift */; };
		2CC4F35B2B4EA4A20011AF00 /* AddCurrencyViewController.swift in Sources */ = {isa = PBXBuildFile; fileRef = 2CC4F35A2B4EA4A20011AF00 /* AddCurrencyViewController.swift */; };
		2CC4F35D2B4EAC150011AF00 /* AddCurrencyTableViewCell.swift in Sources */ = {isa = PBXBuildFile; fileRef = 2CC4F35C2B4EAC150011AF00 /* AddCurrencyTableViewCell.swift */; };
		2CC4F35F2B4EF0430011AF00 /* NetworkService.swift in Sources */ = {isa = PBXBuildFile; fileRef = 2CC4F35E2B4EF0430011AF00 /* NetworkService.swift */; };
		2CE1A56D2B4EF182007675E1 /* BundleService.swift in Sources */ = {isa = PBXBuildFile; fileRef = 2CE1A56C2B4EF182007675E1 /* BundleService.swift */; };
		2CEDCC272B4C2BC400A864C8 /* Constants.swift in Sources */ = {isa = PBXBuildFile; fileRef = 2CEDCC262B4C2BC400A864C8 /* Constants.swift */; };
		2CFF53302B4FDDEB001AE1E6 /* LoadingView.swift in Sources */ = {isa = PBXBuildFile; fileRef = 2CFF532F2B4FDDEB001AE1E6 /* LoadingView.swift */; };
/* End PBXBuildFile section */

/* Begin PBXContainerItemProxy section */
		2C143FD52B4D8D7600E823F6 /* PBXContainerItemProxy */ = {
			isa = PBXContainerItemProxy;
			containerPortal = 2C8CF27B2B483F7E0084F940 /* Project object */;
			proxyType = 1;
			remoteGlobalIDString = 2C8CF2822B483F7E0084F940;
			remoteInfo = BitcoinChangeRates;
		};
/* End PBXContainerItemProxy section */

/* Begin PBXFileReference section */
		2C143FCA2B4D885F00E823F6 /* NumberFormatterService.swift */ = {isa = PBXFileReference; lastKnownFileType = sourcecode.swift; path = NumberFormatterService.swift; sourceTree = "<group>"; };
		2C143FD12B4D8D7600E823F6 /* BitcoinChangeRatesTests.xctest */ = {isa = PBXFileReference; explicitFileType = wrapper.cfbundle; includeInIndex = 0; path = BitcoinChangeRatesTests.xctest; sourceTree = BUILT_PRODUCTS_DIR; };
		2C143FDE2B4D92CB00E823F6 /* bitcoinPrices.json */ = {isa = PBXFileReference; lastKnownFileType = text.json; path = bitcoinPrices.json; sourceTree = "<group>"; };
		2C143FE02B4D9B1300E823F6 /* currencies.json */ = {isa = PBXFileReference; lastKnownFileType = text.json; path = currencies.json; sourceTree = "<group>"; };
		2C143FE42B4D9BA900E823F6 /* CurrenciesTests.swift */ = {isa = PBXFileReference; lastKnownFileType = sourcecode.swift; path = CurrenciesTests.swift; sourceTree = "<group>"; };
		2C143FE72B4D9BEC00E823F6 /* XCTestCase.swift */ = {isa = PBXFileReference; lastKnownFileType = sourcecode.swift; path = XCTestCase.swift; sourceTree = "<group>"; };
		2C3491B32B48476B00E4C402 /* ChangeRatesTableViewCell.swift */ = {isa = PBXFileReference; lastKnownFileType = sourcecode.swift; path = ChangeRatesTableViewCell.swift; sourceTree = "<group>"; };
		2C3491B52B48655400E4C402 /* ChangeRatesViewModel.swift */ = {isa = PBXFileReference; lastKnownFileType = sourcecode.swift; path = ChangeRatesViewModel.swift; sourceTree = "<group>"; };
		2C3491B72B486A7300E4C402 /* ChangeRatesModel.swift */ = {isa = PBXFileReference; lastKnownFileType = sourcecode.swift; path = ChangeRatesModel.swift; sourceTree = "<group>"; };
		2C3491B92B486B2A00E4C402 /* available_currencies.json */ = {isa = PBXFileReference; fileEncoding = 4; lastKnownFileType = text.json; path = available_currencies.json; sourceTree = "<group>"; };
		2C8CF2832B483F7E0084F940 /* BitcoinChangeRates.app */ = {isa = PBXFileReference; explicitFileType = wrapper.application; includeInIndex = 0; path = BitcoinChangeRates.app; sourceTree = BUILT_PRODUCTS_DIR; };
		2C8CF2862B483F7E0084F940 /* AppDelegate.swift */ = {isa = PBXFileReference; lastKnownFileType = sourcecode.swift; path = AppDelegate.swift; sourceTree = "<group>"; };
		2C8CF2882B483F7E0084F940 /* SceneDelegate.swift */ = {isa = PBXFileReference; lastKnownFileType = sourcecode.swift; path = SceneDelegate.swift; sourceTree = "<group>"; };
		2C8CF28D2B483F7E0084F940 /* Base */ = {isa = PBXFileReference; lastKnownFileType = file.storyboard; name = Base; path = Base.lproj/Main.storyboard; sourceTree = "<group>"; };
		2C8CF28F2B483F7F0084F940 /* Assets.xcassets */ = {isa = PBXFileReference; lastKnownFileType = folder.assetcatalog; path = Assets.xcassets; sourceTree = "<group>"; };
		2C8CF2922B483F7F0084F940 /* Base */ = {isa = PBXFileReference; lastKnownFileType = file.storyboard; name = Base; path = Base.lproj/LaunchScreen.storyboard; sourceTree = "<group>"; };
		2C8CF2942B483F7F0084F940 /* Info.plist */ = {isa = PBXFileReference; lastKnownFileType = text.plist.xml; path = Info.plist; sourceTree = "<group>"; };
		2C8CF29A2B4843AA0084F940 /* ChangeRatesViewController.swift */ = {isa = PBXFileReference; lastKnownFileType = sourcecode.swift; path = ChangeRatesViewController.swift; sourceTree = "<group>"; };
		2CA959DA2B559368007D40D8 /* DebugLogService.swift */ = {isa = PBXFileReference; lastKnownFileType = sourcecode.swift; path = DebugLogService.swift; sourceTree = "<group>"; };
		2CC4F3572B4DC7840011AF00 /* BitcoinPricesModelTests.swift */ = {isa = PBXFileReference; lastKnownFileType = sourcecode.swift; path = BitcoinPricesModelTests.swift; sourceTree = "<group>"; };
		2CC4F35A2B4EA4A20011AF00 /* AddCurrencyViewController.swift */ = {isa = PBXFileReference; lastKnownFileType = sourcecode.swift; path = AddCurrencyViewController.swift; sourceTree = "<group>"; };
		2CC4F35C2B4EAC150011AF00 /* AddCurrencyTableViewCell.swift */ = {isa = PBXFileReference; lastKnownFileType = sourcecode.swift; path = AddCurrencyTableViewCell.swift; sourceTree = "<group>"; };
		2CC4F35E2B4EF0430011AF00 /* NetworkService.swift */ = {isa = PBXFileReference; lastKnownFileType = sourcecode.swift; path = NetworkService.swift; sourceTree = "<group>"; };
		2CE1A56C2B4EF182007675E1 /* BundleService.swift */ = {isa = PBXFileReference; lastKnownFileType = sourcecode.swift; path = BundleService.swift; sourceTree = "<group>"; };
		2CEDCC262B4C2BC400A864C8 /* Constants.swift */ = {isa = PBXFileReference; lastKnownFileType = sourcecode.swift; path = Constants.swift; sourceTree = "<group>"; };
		2CFF532F2B4FDDEB001AE1E6 /* LoadingView.swift */ = {isa = PBXFileReference; lastKnownFileType = sourcecode.swift; path = LoadingView.swift; sourceTree = "<group>"; };
/* End PBXFileReference section */

/* Begin PBXFrameworksBuildPhase section */
		2C143FCE2B4D8D7600E823F6 /* Frameworks */ = {
			isa = PBXFrameworksBuildPhase;
			buildActionMask = 2147483647;
			files = (
			);
			runOnlyForDeploymentPostprocessing = 0;
		};
		2C8CF2802B483F7E0084F940 /* Frameworks */ = {
			isa = PBXFrameworksBuildPhase;
			buildActionMask = 2147483647;
			files = (
			);
			runOnlyForDeploymentPostprocessing = 0;
		};
/* End PBXFrameworksBuildPhase section */

/* Begin PBXGroup section */
		2C143FCC2B4D8BA900E823F6 /* Services */ = {
			isa = PBXGroup;
			children = (
				2CA959DA2B559368007D40D8 /* DebugLogService.swift */,
				2C143FCA2B4D885F00E823F6 /* NumberFormatterService.swift */,
				2CC4F35E2B4EF0430011AF00 /* NetworkService.swift */,
				2CE1A56C2B4EF182007675E1 /* BundleService.swift */,
			);
			path = Services;
			sourceTree = "<group>";
		};
		2C143FD22B4D8D7600E823F6 /* BitcoinChangeRatesTests */ = {
			isa = PBXGroup;
			children = (
				2C143FE62B4D9BCD00E823F6 /* Extensions */,
				2C143FDB2B4D91A900E823F6 /* Test Cases */,
				2C143FDA2B4D919500E823F6 /* Mockup */,
			);
			path = BitcoinChangeRatesTests;
			sourceTree = "<group>";
		};
		2C143FDA2B4D919500E823F6 /* Mockup */ = {
			isa = PBXGroup;
			children = (
				2C143FDE2B4D92CB00E823F6 /* bitcoinPrices.json */,
				2C143FE02B4D9B1300E823F6 /* currencies.json */,
			);
			path = Mockup;
			sourceTree = "<group>";
		};
		2C143FDB2B4D91A900E823F6 /* Test Cases */ = {
			isa = PBXGroup;
			children = (
				2C143FE42B4D9BA900E823F6 /* CurrenciesTests.swift */,
				2CC4F3572B4DC7840011AF00 /* BitcoinPricesModelTests.swift */,
			);
			path = "Test Cases";
			sourceTree = "<group>";
		};
		2C143FE62B4D9BCD00E823F6 /* Extensions */ = {
			isa = PBXGroup;
			children = (
				2C143FE72B4D9BEC00E823F6 /* XCTestCase.swift */,
			);
			path = Extensions;
			sourceTree = "<group>";
		};
		2C3491B22B48475B00E4C402 /* ChangeRates */ = {
			isa = PBXGroup;
			children = (
				2C8CF29A2B4843AA0084F940 /* ChangeRatesViewController.swift */,
				2C3491B32B48476B00E4C402 /* ChangeRatesTableViewCell.swift */,
				2C3491B52B48655400E4C402 /* ChangeRatesViewModel.swift */,
				2C3491B72B486A7300E4C402 /* ChangeRatesModel.swift */,
				2CEDCC262B4C2BC400A864C8 /* Constants.swift */,
				2CFF532F2B4FDDEB001AE1E6 /* LoadingView.swift */,
			);
			path = ChangeRates;
			sourceTree = "<group>";
		};
		2C8CF27A2B483F7E0084F940 = {
			isa = PBXGroup;
			children = (
				2C8CF2852B483F7E0084F940 /* BitcoinChangeRates */,
				2C143FD22B4D8D7600E823F6 /* BitcoinChangeRatesTests */,
				2C8CF2842B483F7E0084F940 /* Products */,
			);
			sourceTree = "<group>";
		};
		2C8CF2842B483F7E0084F940 /* Products */ = {
			isa = PBXGroup;
			children = (
				2C8CF2832B483F7E0084F940 /* BitcoinChangeRates.app */,
				2C143FD12B4D8D7600E823F6 /* BitcoinChangeRatesTests.xctest */,
			);
			name = Products;
			sourceTree = "<group>";
		};
		2C8CF2852B483F7E0084F940 /* BitcoinChangeRates */ = {
			isa = PBXGroup;
			children = (
				2C8CF2862B483F7E0084F940 /* AppDelegate.swift */,
				2C8CF2882B483F7E0084F940 /* SceneDelegate.swift */,
				2C143FCC2B4D8BA900E823F6 /* Services */,
				2C3491B22B48475B00E4C402 /* ChangeRates */,
				2CC4F3592B4EA48C0011AF00 /* AddCurrency */,
				2C8CF28C2B483F7E0084F940 /* Main.storyboard */,
				2C8CF28F2B483F7F0084F940 /* Assets.xcassets */,
				2C8CF2912B483F7F0084F940 /* LaunchScreen.storyboard */,
				2C3491B92B486B2A00E4C402 /* available_currencies.json */,
				2C8CF2942B483F7F0084F940 /* Info.plist */,
			);
			path = BitcoinChangeRates;
			sourceTree = "<group>";
		};
		2CC4F3592B4EA48C0011AF00 /* AddCurrency */ = {
			isa = PBXGroup;
			children = (
				2CC4F35A2B4EA4A20011AF00 /* AddCurrencyViewController.swift */,
				2CC4F35C2B4EAC150011AF00 /* AddCurrencyTableViewCell.swift */,
			);
			path = AddCurrency;
			sourceTree = "<group>";
		};
/* End PBXGroup section */

/* Begin PBXNativeTarget section */
		2C143FD02B4D8D7600E823F6 /* BitcoinChangeRatesTests */ = {
			isa = PBXNativeTarget;
			buildConfigurationList = 2C143FD92B4D8D7600E823F6 /* Build configuration list for PBXNativeTarget "BitcoinChangeRatesTests" */;
			buildPhases = (
				2C143FCD2B4D8D7600E823F6 /* Sources */,
				2C143FCE2B4D8D7600E823F6 /* Frameworks */,
				2C143FCF2B4D8D7600E823F6 /* Resources */,
			);
			buildRules = (
			);
			dependencies = (
				2C143FD62B4D8D7600E823F6 /* PBXTargetDependency */,
			);
			name = BitcoinChangeRatesTests;
			productName = BitcoinChangeRatesTests;
			productReference = 2C143FD12B4D8D7600E823F6 /* BitcoinChangeRatesTests.xctest */;
			productType = "com.apple.product-type.bundle.unit-test";
		};
		2C8CF2822B483F7E0084F940 /* BitcoinChangeRates */ = {
			isa = PBXNativeTarget;
			buildConfigurationList = 2C8CF2972B483F7F0084F940 /* Build configuration list for PBXNativeTarget "BitcoinChangeRates" */;
			buildPhases = (
				2C8CF27F2B483F7E0084F940 /* Sources */,
				2C8CF2802B483F7E0084F940 /* Frameworks */,
				2C8CF2812B483F7E0084F940 /* Resources */,
			);
			buildRules = (
			);
			dependencies = (
			);
			name = BitcoinChangeRates;
			productName = BitcoinChangeRates;
			productReference = 2C8CF2832B483F7E0084F940 /* BitcoinChangeRates.app */;
			productType = "com.apple.product-type.application";
		};
/* End PBXNativeTarget section */

/* Begin PBXProject section */
		2C8CF27B2B483F7E0084F940 /* Project object */ = {
			isa = PBXProject;
			attributes = {
				BuildIndependentTargetsInParallel = 1;
				LastSwiftUpdateCheck = 1510;
				LastUpgradeCheck = 1510;
				TargetAttributes = {
					2C143FD02B4D8D7600E823F6 = {
						CreatedOnToolsVersion = 15.1;
						TestTargetID = 2C8CF2822B483F7E0084F940;
					};
					2C8CF2822B483F7E0084F940 = {
						CreatedOnToolsVersion = 15.1;
					};
				};
			};
			buildConfigurationList = 2C8CF27E2B483F7E0084F940 /* Build configuration list for PBXProject "BitcoinChangeRates" */;
			compatibilityVersion = "Xcode 14.0";
			developmentRegion = en;
			hasScannedForEncodings = 0;
			knownRegions = (
				en,
				Base,
			);
			mainGroup = 2C8CF27A2B483F7E0084F940;
			productRefGroup = 2C8CF2842B483F7E0084F940 /* Products */;
			projectDirPath = "";
			projectRoot = "";
			targets = (
				2C8CF2822B483F7E0084F940 /* BitcoinChangeRates */,
				2C143FD02B4D8D7600E823F6 /* BitcoinChangeRatesTests */,
			);
		};
/* End PBXProject section */

/* Begin PBXResourcesBuildPhase section */
		2C143FCF2B4D8D7600E823F6 /* Resources */ = {
			isa = PBXResourcesBuildPhase;
			buildActionMask = 2147483647;
			files = (
				2C143FDF2B4D92CB00E823F6 /* bitcoinPrices.json in Resources */,
				2C143FE12B4D9B1300E823F6 /* currencies.json in Resources */,
			);
			runOnlyForDeploymentPostprocessing = 0;
		};
		2C8CF2812B483F7E0084F940 /* Resources */ = {
			isa = PBXResourcesBuildPhase;
			buildActionMask = 2147483647;
			files = (
				2C3491BA2B486B2A00E4C402 /* available_currencies.json in Resources */,
				2C8CF2932B483F7F0084F940 /* LaunchScreen.storyboard in Resources */,
				2C8CF2902B483F7F0084F940 /* Assets.xcassets in Resources */,
				2C8CF28E2B483F7E0084F940 /* Main.storyboard in Resources */,
			);
			runOnlyForDeploymentPostprocessing = 0;
		};
/* End PBXResourcesBuildPhase section */

/* Begin PBXSourcesBuildPhase section */
		2C143FCD2B4D8D7600E823F6 /* Sources */ = {
			isa = PBXSourcesBuildPhase;
			buildActionMask = 2147483647;
			files = (
				2CC4F3582B4DC7840011AF00 /* BitcoinPricesModelTests.swift in Sources */,
				2C143FE82B4D9BEC00E823F6 /* XCTestCase.swift in Sources */,
				2C143FE52B4D9BA900E823F6 /* CurrenciesTests.swift in Sources */,
			);
			runOnlyForDeploymentPostprocessing = 0;
		};
		2C8CF27F2B483F7E0084F940 /* Sources */ = {
			isa = PBXSourcesBuildPhase;
			buildActionMask = 2147483647;
			files = (
				2CC4F35F2B4EF0430011AF00 /* NetworkService.swift in Sources */,
				2CE1A56D2B4EF182007675E1 /* BundleService.swift in Sources */,
				2C8CF2872B483F7E0084F940 /* AppDelegate.swift in Sources */,
				2C3491B42B48476B00E4C402 /* ChangeRatesTableViewCell.swift in Sources */,
				2C8CF29B2B4843AA0084F940 /* ChangeRatesViewController.swift in Sources */,
				2CA959DB2B559368007D40D8 /* DebugLogService.swift in Sources */,
				2CC4F35B2B4EA4A20011AF00 /* AddCurrencyViewController.swift in Sources */,
				2C3491B82B486A7300E4C402 /* ChangeRatesModel.swift in Sources */,
				2CEDCC272B4C2BC400A864C8 /* Constants.swift in Sources */,
				2CC4F35D2B4EAC150011AF00 /* AddCurrencyTableViewCell.swift in Sources */,
				2C3491B62B48655400E4C402 /* ChangeRatesViewModel.swift in Sources */,
				2C143FCB2B4D885F00E823F6 /* NumberFormatterService.swift in Sources */,
				2CFF53302B4FDDEB001AE1E6 /* LoadingView.swift in Sources */,
				2C8CF2892B483F7E0084F940 /* SceneDelegate.swift in Sources */,
			);
			runOnlyForDeploymentPostprocessing = 0;
		};
/* End PBXSourcesBuildPhase section */

/* Begin PBXTargetDependency section */
		2C143FD62B4D8D7600E823F6 /* PBXTargetDependency */ = {
			isa = PBXTargetDependency;
			target = 2C8CF2822B483F7E0084F940 /* BitcoinChangeRates */;
			targetProxy = 2C143FD52B4D8D7600E823F6 /* PBXContainerItemProxy */;
		};
/* End PBXTargetDependency section */

/* Begin PBXVariantGroup section */
		2C8CF28C2B483F7E0084F940 /* Main.storyboard */ = {
			isa = PBXVariantGroup;
			children = (
				2C8CF28D2B483F7E0084F940 /* Base */,
			);
			name = Main.storyboard;
			sourceTree = "<group>";
		};
		2C8CF2912B483F7F0084F940 /* LaunchScreen.storyboard */ = {
			isa = PBXVariantGroup;
			children = (
				2C8CF2922B483F7F0084F940 /* Base */,
			);
			name = LaunchScreen.storyboard;
			sourceTree = "<group>";
		};
/* End PBXVariantGroup section */

/* Begin XCBuildConfiguration section */
		2C143FD72B4D8D7600E823F6 /* Debug */ = {
			isa = XCBuildConfiguration;
			buildSettings = {
				BUNDLE_LOADER = "$(TEST_HOST)";
				CODE_SIGN_STYLE = Automatic;
				CURRENT_PROJECT_VERSION = 1;
				DEVELOPMENT_TEAM = DFZ4MU84W6;
				GENERATE_INFOPLIST_FILE = YES;
				MARKETING_VERSION = 1.0;
				PRODUCT_BUNDLE_IDENTIFIER = berserk.BitcoinChangeRatesTests;
				PRODUCT_NAME = "$(TARGET_NAME)";
				SWIFT_EMIT_LOC_STRINGS = NO;
				SWIFT_VERSION = 5.0;
				TARGETED_DEVICE_FAMILY = "1,2";
				TEST_HOST = "$(BUILT_PRODUCTS_DIR)/BitcoinChangeRates.app/$(BUNDLE_EXECUTABLE_FOLDER_PATH)/BitcoinChangeRates";
			};
			name = Debug;
		};
		2C143FD82B4D8D7600E823F6 /* Release */ = {
			isa = XCBuildConfiguration;
			buildSettings = {
				BUNDLE_LOADER = "$(TEST_HOST)";
				CODE_SIGN_STYLE = Automatic;
				CURRENT_PROJECT_VERSION = 1;
				DEVELOPMENT_TEAM = DFZ4MU84W6;
				GENERATE_INFOPLIST_FILE = YES;
				MARKETING_VERSION = 1.0;
				PRODUCT_BUNDLE_IDENTIFIER = berserk.BitcoinChangeRatesTests;
				PRODUCT_NAME = "$(TARGET_NAME)";
				SWIFT_EMIT_LOC_STRINGS = NO;
				SWIFT_VERSION = 5.0;
				TARGETED_DEVICE_FAMILY = "1,2";
				TEST_HOST = "$(BUILT_PRODUCTS_DIR)/BitcoinChangeRates.app/$(BUNDLE_EXECUTABLE_FOLDER_PATH)/BitcoinChangeRates";
			};
			name = Release;
		};
		2C8CF2952B483F7F0084F940 /* Debug */ = {
			isa = XCBuildConfiguration;
			buildSettings = {
				ALWAYS_SEARCH_USER_PATHS = NO;
				ASSETCATALOG_COMPILER_GENERATE_SWIFT_ASSET_SYMBOL_EXTENSIONS = YES;
				CLANG_ANALYZER_NONNULL = YES;
				CLANG_ANALYZER_NUMBER_OBJECT_CONVERSION = YES_AGGRESSIVE;
				CLANG_CXX_LANGUAGE_STANDARD = "gnu++20";
				CLANG_ENABLE_MODULES = YES;
				CLANG_ENABLE_OBJC_ARC = YES;
				CLANG_ENABLE_OBJC_WEAK = YES;
				CLANG_WARN_BLOCK_CAPTURE_AUTORELEASING = YES;
				CLANG_WARN_BOOL_CONVERSION = YES;
				CLANG_WARN_COMMA = YES;
				CLANG_WARN_CONSTANT_CONVERSION = YES;
				CLANG_WARN_DEPRECATED_OBJC_IMPLEMENTATIONS = YES;
				CLANG_WARN_DIRECT_OBJC_ISA_USAGE = YES_ERROR;
				CLANG_WARN_DOCUMENTATION_COMMENTS = YES;
				CLANG_WARN_EMPTY_BODY = YES;
				CLANG_WARN_ENUM_CONVERSION = YES;
				CLANG_WARN_INFINITE_RECURSION = YES;
				CLANG_WARN_INT_CONVERSION = YES;
				CLANG_WARN_NON_LITERAL_NULL_CONVERSION = YES;
				CLANG_WARN_OBJC_IMPLICIT_RETAIN_SELF = YES;
				CLANG_WARN_OBJC_LITERAL_CONVERSION = YES;
				CLANG_WARN_OBJC_ROOT_CLASS = YES_ERROR;
				CLANG_WARN_QUOTED_INCLUDE_IN_FRAMEWORK_HEADER = YES;
				CLANG_WARN_RANGE_LOOP_ANALYSIS = YES;
				CLANG_WARN_STRICT_PROTOTYPES = YES;
				CLANG_WARN_SUSPICIOUS_MOVE = YES;
				CLANG_WARN_UNGUARDED_AVAILABILITY = YES_AGGRESSIVE;
				CLANG_WARN_UNREACHABLE_CODE = YES;
				CLANG_WARN__DUPLICATE_METHOD_MATCH = YES;
				COPY_PHASE_STRIP = NO;
				DEBUG_INFORMATION_FORMAT = dwarf;
				ENABLE_STRICT_OBJC_MSGSEND = YES;
				ENABLE_TESTABILITY = YES;
				ENABLE_USER_SCRIPT_SANDBOXING = YES;
				GCC_C_LANGUAGE_STANDARD = gnu17;
				GCC_DYNAMIC_NO_PIC = NO;
				GCC_NO_COMMON_BLOCKS = YES;
				GCC_OPTIMIZATION_LEVEL = 0;
				GCC_PREPROCESSOR_DEFINITIONS = (
					"DEBUG=1",
					"$(inherited)",
				);
				GCC_WARN_64_TO_32_BIT_CONVERSION = YES;
				GCC_WARN_ABOUT_RETURN_TYPE = YES_ERROR;
				GCC_WARN_UNDECLARED_SELECTOR = YES;
				GCC_WARN_UNINITIALIZED_AUTOS = YES_AGGRESSIVE;
				GCC_WARN_UNUSED_FUNCTION = YES;
				GCC_WARN_UNUSED_VARIABLE = YES;
				IPHONEOS_DEPLOYMENT_TARGET = 17.2;
				LOCALIZATION_PREFERS_STRING_CATALOGS = YES;
				MTL_ENABLE_DEBUG_INFO = INCLUDE_SOURCE;
				MTL_FAST_MATH = YES;
				ONLY_ACTIVE_ARCH = YES;
				SDKROOT = iphoneos;
				SWIFT_ACTIVE_COMPILATION_CONDITIONS = "DEBUG $(inherited)";
				SWIFT_OPTIMIZATION_LEVEL = "-Onone";
			};
			name = Debug;
		};
		2C8CF2962B483F7F0084F940 /* Release */ = {
			isa = XCBuildConfiguration;
			buildSettings = {
				ALWAYS_SEARCH_USER_PATHS = NO;
				ASSETCATALOG_COMPILER_GENERATE_SWIFT_ASSET_SYMBOL_EXTENSIONS = YES;
				CLANG_ANALYZER_NONNULL = YES;
				CLANG_ANALYZER_NUMBER_OBJECT_CONVERSION = YES_AGGRESSIVE;
				CLANG_CXX_LANGUAGE_STANDARD = "gnu++20";
				CLANG_ENABLE_MODULES = YES;
				CLANG_ENABLE_OBJC_ARC = YES;
				CLANG_ENABLE_OBJC_WEAK = YES;
				CLANG_WARN_BLOCK_CAPTURE_AUTORELEASING = YES;
				CLANG_WARN_BOOL_CONVERSION = YES;
				CLANG_WARN_COMMA = YES;
				CLANG_WARN_CONSTANT_CONVERSION = YES;
				CLANG_WARN_DEPRECATED_OBJC_IMPLEMENTATIONS = YES;
				CLANG_WARN_DIRECT_OBJC_ISA_USAGE = YES_ERROR;
				CLANG_WARN_DOCUMENTATION_COMMENTS = YES;
				CLANG_WARN_EMPTY_BODY = YES;
				CLANG_WARN_ENUM_CONVERSION = YES;
				CLANG_WARN_INFINITE_RECURSION = YES;
				CLANG_WARN_INT_CONVERSION = YES;
				CLANG_WARN_NON_LITERAL_NULL_CONVERSION = YES;
				CLANG_WARN_OBJC_IMPLICIT_RETAIN_SELF = YES;
				CLANG_WARN_OBJC_LITERAL_CONVERSION = YES;
				CLANG_WARN_OBJC_ROOT_CLASS = YES_ERROR;
				CLANG_WARN_QUOTED_INCLUDE_IN_FRAMEWORK_HEADER = YES;
				CLANG_WARN_RANGE_LOOP_ANALYSIS = YES;
				CLANG_WARN_STRICT_PROTOTYPES = YES;
				CLANG_WARN_SUSPICIOUS_MOVE = YES;
				CLANG_WARN_UNGUARDED_AVAILABILITY = YES_AGGRESSIVE;
				CLANG_WARN_UNREACHABLE_CODE = YES;
				CLANG_WARN__DUPLICATE_METHOD_MATCH = YES;
				COPY_PHASE_STRIP = NO;
				DEBUG_INFORMATION_FORMAT = "dwarf-with-dsym";
				ENABLE_NS_ASSERTIONS = NO;
				ENABLE_STRICT_OBJC_MSGSEND = YES;
				ENABLE_USER_SCRIPT_SANDBOXING = YES;
				GCC_C_LANGUAGE_STANDARD = gnu17;
				GCC_NO_COMMON_BLOCKS = YES;
				GCC_WARN_64_TO_32_BIT_CONVERSION = YES;
				GCC_WARN_ABOUT_RETURN_TYPE = YES_ERROR;
				GCC_WARN_UNDECLARED_SELECTOR = YES;
				GCC_WARN_UNINITIALIZED_AUTOS = YES_AGGRESSIVE;
				GCC_WARN_UNUSED_FUNCTION = YES;
				GCC_WARN_UNUSED_VARIABLE = YES;
				IPHONEOS_DEPLOYMENT_TARGET = 17.2;
				LOCALIZATION_PREFERS_STRING_CATALOGS = YES;
				MTL_ENABLE_DEBUG_INFO = NO;
				MTL_FAST_MATH = YES;
				SDKROOT = iphoneos;
				SWIFT_COMPILATION_MODE = wholemodule;
				VALIDATE_PRODUCT = YES;
			};
			name = Release;
		};
		2C8CF2982B483F7F0084F940 /* Debug */ = {
			isa = XCBuildConfiguration;
			buildSettings = {
				ASSETCATALOG_COMPILER_APPICON_NAME = AppIcon;
				ASSETCATALOG_COMPILER_GLOBAL_ACCENT_COLOR_NAME = AccentColor;
				CODE_SIGN_STYLE = Automatic;
				CURRENT_PROJECT_VERSION = 1;
				DEVELOPMENT_TEAM = DFZ4MU84W6;
				GENERATE_INFOPLIST_FILE = YES;
				INFOPLIST_FILE = BitcoinChangeRates/Info.plist;
				INFOPLIST_KEY_UIApplicationSupportsIndirectInputEvents = YES;
				INFOPLIST_KEY_UILaunchStoryboardName = LaunchScreen;
				INFOPLIST_KEY_UIMainStoryboardFile = Main;
				INFOPLIST_KEY_UISupportedInterfaceOrientations_iPad = "UIInterfaceOrientationPortrait UIInterfaceOrientationPortraitUpsideDown UIInterfaceOrientationLandscapeLeft UIInterfaceOrientationLandscapeRight";
				INFOPLIST_KEY_UISupportedInterfaceOrientations_iPhone = "UIInterfaceOrientationPortrait UIInterfaceOrientationLandscapeLeft UIInterfaceOrientationLandscapeRight";
				LD_RUNPATH_SEARCH_PATHS = (
					"$(inherited)",
					"@executable_path/Frameworks",
				);
				MARKETING_VERSION = 1.0;
				PRODUCT_BUNDLE_IDENTIFIER = berserk.BitcoinChangeRates;
				PRODUCT_NAME = "$(TARGET_NAME)";
				SWIFT_EMIT_LOC_STRINGS = YES;
				SWIFT_VERSION = 5.0;
				TARGETED_DEVICE_FAMILY = "1,2";
			};
			name = Debug;
		};
		2C8CF2992B483F7F0084F940 /* Release */ = {
			isa = XCBuildConfiguration;
			buildSettings = {
				ASSETCATALOG_COMPILER_APPICON_NAME = AppIcon;
				ASSETCATALOG_COMPILER_GLOBAL_ACCENT_COLOR_NAME = AccentColor;
				CODE_SIGN_STYLE = Automatic;
				CURRENT_PROJECT_VERSION = 1;
				DEVELOPMENT_TEAM = DFZ4MU84W6;
				GENERATE_INFOPLIST_FILE = YES;
				INFOPLIST_FILE = BitcoinChangeRates/Info.plist;
				INFOPLIST_KEY_UIApplicationSupportsIndirectInputEvents = YES;
				INFOPLIST_KEY_UILaunchStoryboardName = LaunchScreen;
				INFOPLIST_KEY_UIMainStoryboardFile = Main;
				INFOPLIST_KEY_UISupportedInterfaceOrientations_iPad = "UIInterfaceOrientationPortrait UIInterfaceOrientationPortraitUpsideDown UIInterfaceOrientationLandscapeLeft UIInterfaceOrientationLandscapeRight";
				INFOPLIST_KEY_UISupportedInterfaceOrientations_iPhone = "UIInterfaceOrientationPortrait UIInterfaceOrientationLandscapeLeft UIInterfaceOrientationLandscapeRight";
				LD_RUNPATH_SEARCH_PATHS = (
					"$(inherited)",
					"@executable_path/Frameworks",
				);
				MARKETING_VERSION = 1.0;
				PRODUCT_BUNDLE_IDENTIFIER = berserk.BitcoinChangeRates;
				PRODUCT_NAME = "$(TARGET_NAME)";
				SWIFT_EMIT_LOC_STRINGS = YES;
				SWIFT_VERSION = 5.0;
				TARGETED_DEVICE_FAMILY = "1,2";
			};
			name = Release;
		};
/* End XCBuildConfiguration section */

/* Begin XCConfigurationList section */
		2C143FD92B4D8D7600E823F6 /* Build configuration list for PBXNativeTarget "BitcoinChangeRatesTests" */ = {
			isa = XCConfigurationList;
			buildConfigurations = (
				2C143FD72B4D8D7600E823F6 /* Debug */,
				2C143FD82B4D8D7600E823F6 /* Release */,
			);
			defaultConfigurationIsVisible = 0;
			defaultConfigurationName = Release;
		};
		2C8CF27E2B483F7E0084F940 /* Build configuration list for PBXProject "BitcoinChangeRates" */ = {
			isa = XCConfigurationList;
			buildConfigurations = (
				2C8CF2952B483F7F0084F940 /* Debug */,
				2C8CF2962B483F7F0084F940 /* Release */,
			);
			defaultConfigurationIsVisible = 0;
			defaultConfigurationName = Release;
		};
		2C8CF2972B483F7F0084F940 /* Build configuration list for PBXNativeTarget "BitcoinChangeRates" */ = {
			isa = XCConfigurationList;
			buildConfigurations = (
				2C8CF2982B483F7F0084F940 /* Debug */,
				2C8CF2992B483F7F0084F940 /* Release */,
			);
			defaultConfigurationIsVisible = 0;
			defaultConfigurationName = Release;
		};
/* End XCConfigurationList section */
	};
	rootObject = 2C8CF27B2B483F7E0084F940 /* Project object */;
}
